
Microsoft Visual Studio Solution File, Format Version 12.00
# Visual Studio 14
VisualStudioVersion = 14.0.25420.1
MinimumVisualStudioVersion = 10.0.40219.1
Project("{FAE04EC0-301F-11D3-BF4B-00C04F79EFBC}") = "Sample.Diary.CQRS", "Sample.Diary.CQRS\Sample.Diary.CQRS.csproj", "{465CA71E-976B-492E-AAA1-4ED61F2EAEEF}"
EndProject
Project("{FAE04EC0-301F-11D3-BF4B-00C04F79EFBC}") = "Sample.Diary.CQRS.Web", "Sample.Diary.CQRS.Web\Sample.Diary.CQRS.Web.csproj", "{A49E7EA5-0F40-4804-B6DE-71870A34F2DF}"
EndProject
Project("{FAE04EC0-301F-11D3-BF4B-00C04F79EFBC}") = "Sample.Diary.CQRS.Test", "Sample.Diary.CQRS.Test\Sample.Diary.CQRS.Test.csproj", "{EAEEF485-183B-42A1-8CEF-1D0F712FC961}"
EndProject
Global
	GlobalSection(SolutionConfigurationPlatforms) = preSolution
		Debug|Any CPU = Debug|Any CPU
		Release|Any CPU = Release|Any CPU
	EndGlobalSection
	GlobalSection(ProjectConfigurationPlatforms) = postSolution
		{465CA71E-976B-492E-AAA1-4ED61F2EAEEF}.Debug|Any CPU.ActiveCfg = Debug|Any CPU
		{465CA71E-976B-492E-AAA1-4ED61F2EAEEF}.Debug|Any CPU.Build.0 = Debug|Any CPU
		{465CA71E-976B-492E-AAA1-4ED61F2EAEEF}.Release|Any CPU.ActiveCfg = Release|Any CPU
		{465CA71E-976B-492E-AAA1-4ED61F2EAEEF}.Release|Any CPU.Build.0 = Release|Any CPU
		{A49E7EA5-0F40-4804-B6DE-71870A34F2DF}.Debug|Any CPU.ActiveCfg = Debug|Any CPU
		{A49E7EA5-0F40-4804-B6DE-71870A34F2DF}.Debug|Any CPU.Build.0 = Debug|Any CPU
		{A49E7EA5-0F40-4804-B6DE-71870A34F2DF}.Release|Any CPU.ActiveCfg = Release|Any CPU
		{A49E7EA5-0F40-4804-B6DE-71870A34F2DF}.Release|Any CPU.Build.0 = Release|Any CPU
		{EAEEF485-183B-42A1-8CEF-1D0F712FC961}.Debug|Any CPU.ActiveCfg = Debug|Any CPU
		{EAEEF485-183B-42A1-8CEF-1D0F712FC961}.Debug|Any CPU.Build.0 = Debug|Any CPU
		{EAEEF485-183B-42A1-8CEF-1D0F712FC961}.Release|Any CPU.ActiveCfg = Release|Any CPU
		{EAEEF485-183B-42A1-8CEF-1D0F712FC961}.Release|Any CPU.Build.0 = Release|Any CPU
	EndGlobalSection
	GlobalSection(SolutionProperties) = preSolution
		HideSolutionNode = FALSE
	EndGlobalSection
EndGlobal
